# Written by meadow. Commit this file: it is what makes a build on
# another machine the build you tested. Change it with `meadow update`.

version = 1

[[package]]
name = "Lingua"
source = "git+https://github.com/mcdearman/Lingua.git?branch=master"
rev = "d8f09eb39c22ed2b4b28febe14ca8eef9183e84f"
tree = "b7224ad7b2e35617a97a74dee3ea2f9b8d614cba"

[[package]]
name = "Nettle"
source = "git+https://github.com/mcdearman/Nettle.git?branch=master"
rev = "b59e370aea76f2fb5b2072c28f02564f047284fe"
tree = "efe45c638977f2ed42635f3a743269a0a31f55b2"

[[package]]
name = "Scythe"
source = "git+https://github.com/mcdearman/Scythe.git?branch=master"
rev = "ba1b2d2815d837a9749789e6c6145a565efd0729"
tree = "bf8c0f80d3d41083a68e875ad77bd249ea0c77a5"

[[package]]
name = "UnicodeWidth"
source = "git+https://github.com/mcdearman/UnicodeWidth?version=0.2.0"
version = "0.2.0"
rev = "a4580b8010ecfba736c0f7d105a308db6972e60e"
tree = "018d5c43b7b4c92e41fdcb4b91907ae7654bd335"
